
Microsoft Visual Studio Solution File, Format Version 12.00
# Visual Studio Version 16
VisualStudioVersion = 16.0.31112.23
MinimumVisualStudioVersion = 10.0.40219.1
Project("{FAE04EC0-301F-11D3-BF4B-00C04F79EFBC}") = "crearClases", "crearClases.csproj", "{AB58F1BA-8BF9-46FD-B55A-B1DEB40F7AA0}"
EndProject
Global
	GlobalSection(SolutionConfigurationPlatforms) = preSolution
		Debug|Any CPU = Debug|Any CPU
		Release|Any CPU = Release|Any CPU
	EndGlobalSection
	GlobalSection(ProjectConfigurationPlatforms) = postSolution
		{AB58F1BA-8BF9-46FD-B55A-B1DEB40F7AA0}.Debug|Any CPU.ActiveCfg = Debug|Any CPU
		{AB58F1BA-8BF9-46FD-B55A-B1DEB40F7AA0}.Debug|Any CPU.Build.0 = Debug|Any CPU
		{AB58F1BA-8BF9-46FD-B55A-B1DEB40F7AA0}.Release|Any CPU.ActiveCfg = Release|Any CPU
		{AB58F1BA-8BF9-46FD-B55A-B1DEB40F7AA0}.Release|Any CPU.Build.0 = Release|Any CPU
	EndGlobalSection
	GlobalSection(SolutionProperties) = preSolution
		HideSolutionNode = FALSE
	EndGlobalSection
	GlobalSection(ExtensibilityGlobals) = postSolution
		SolutionGuid = {901AD500-E4F4-4BF3-8793-476B2E2156EC}
	EndGlobalSection
EndGlobal
